
Microsoft Visual Studio Solution File, Format Version 12.00
# Visual Studio 15
VisualStudioVersion = 15.0.28307.438
MinimumVisualStudioVersion = 10.0.40219.1
Project("{FAE04EC0-301F-11D3-BF4B-00C04F79EFBC}") = "Task1", "Task1\Task1.csproj", "{6BB6D07A-FFF9-42B2-ABF3-9107781CCB7C}"
EndProject
Project("{FAE04EC0-301F-11D3-BF4B-00C04F79EFBC}") = "Task2", "Task2\Task2.csproj", "{CE5E690D-7DEC-4D1E-9278-DC5A25736D3D}"
EndProject
Project("{FAE04EC0-301F-11D3-BF4B-00C04F79EFBC}") = "Task3", "Task3\Task3.csproj", "{A64B68AC-CC83-42A1-905B-FA2DF43C0A03}"
EndProject
Global
	GlobalSection(SolutionConfigurationPlatforms) = preSolution
		Debug|Any CPU = Debug|Any CPU
		Release|Any CPU = Release|Any CPU
	EndGlobalSection
	GlobalSection(ProjectConfigurationPlatforms) = postSolution
		{6BB6D07A-FFF9-42B2-ABF3-9107781CCB7C}.Debug|Any CPU.ActiveCfg = Debug|Any CPU
		{6BB6D07A-FFF9-42B2-ABF3-9107781CCB7C}.Debug|Any CPU.Build.0 = Debug|Any CPU
		{6BB6D07A-FFF9-42B2-ABF3-9107781CCB7C}.Release|Any CPU.ActiveCfg = Release|Any CPU
		{6BB6D07A-FFF9-42B2-ABF3-9107781CCB7C}.Release|Any CPU.Build.0 = Release|Any CPU
		{CE5E690D-7DEC-4D1E-9278-DC5A25736D3D}.Debug|Any CPU.ActiveCfg = Debug|Any CPU
		{CE5E690D-7DEC-4D1E-9278-DC5A25736D3D}.Debug|Any CPU.Build.0 = Debug|Any CPU
		{CE5E690D-7DEC-4D1E-9278-DC5A25736D3D}.Release|Any CPU.ActiveCfg = Release|Any CPU
		{CE5E690D-7DEC-4D1E-9278-DC5A25736D3D}.Release|Any CPU.Build.0 = Release|Any CPU
		{A64B68AC-CC83-42A1-905B-FA2DF43C0A03}.Debug|Any CPU.ActiveCfg = Debug|Any CPU
		{A64B68AC-CC83-42A1-905B-FA2DF43C0A03}.Debug|Any CPU.Build.0 = Debug|Any CPU
		{A64B68AC-CC83-42A1-905B-FA2DF43C0A03}.Release|Any CPU.ActiveCfg = Release|Any CPU
		{A64B68AC-CC83-42A1-905B-FA2DF43C0A03}.Release|Any CPU.Build.0 = Release|Any CPU
	EndGlobalSection
	GlobalSection(SolutionProperties) = preSolution
		HideSolutionNode = FALSE
	EndGlobalSection
	GlobalSection(ExtensibilityGlobals) = postSolution
		SolutionGuid = {2E184E24-9590-4E93-B0BD-0FE54581575E}
	EndGlobalSection
EndGlobal
