
Microsoft Visual Studio Solution File, Format Version 12.00
# Visual Studio 15
VisualStudioVersion = 15.0.28307.438
MinimumVisualStudioVersion = 10.0.40219.1
Project("{FAE04EC0-301F-11D3-BF4B-00C04F79EFBC}") = "Task1", "Task1\Task1.csproj", "{E458E548-ABC7-4B26-BBE2-C308BD1B42BB}"
EndProject
Project("{FAE04EC0-301F-11D3-BF4B-00C04F79EFBC}") = "Task2", "Task2\Task2.csproj", "{CBB816CA-AAC2-4F5A-9DFE-653BBC71D24E}"
EndProject
Project("{FAE04EC0-301F-11D3-BF4B-00C04F79EFBC}") = "Task3", "Task3\Task3.csproj", "{F8609158-E35B-49F7-9E25-11878569A89B}"
EndProject
Project("{FAE04EC0-301F-11D3-BF4B-00C04F79EFBC}") = "Task4", "Task4\Task4.csproj", "{A7430FF8-3870-4CDC-8E02-E0ABA4F90077}"
EndProject
Project("{FAE04EC0-301F-11D3-BF4B-00C04F79EFBC}") = "Task5", "Task5\Task5.csproj", "{6263C853-1644-4240-A378-A95170FE00F1}"
EndProject
Project("{FAE04EC0-301F-11D3-BF4B-00C04F79EFBC}") = "Task6", "Task6\Task6.csproj", "{5F7DB145-9550-4E90-9C00-30297A0F0905}"
EndProject
Project("{FAE04EC0-301F-11D3-BF4B-00C04F79EFBC}") = "Task7", "Task7\Task7.csproj", "{CF69B174-BFBE-4022-ABC0-EB7E1FDE5C0D}"
EndProject
Global
	GlobalSection(SolutionConfigurationPlatforms) = preSolution
		Debug|Any CPU = Debug|Any CPU
		Release|Any CPU = Release|Any CPU
	EndGlobalSection
	GlobalSection(ProjectConfigurationPlatforms) = postSolution
		{E458E548-ABC7-4B26-BBE2-C308BD1B42BB}.Debug|Any CPU.ActiveCfg = Debug|Any CPU
		{E458E548-ABC7-4B26-BBE2-C308BD1B42BB}.Debug|Any CPU.Build.0 = Debug|Any CPU
		{E458E548-ABC7-4B26-BBE2-C308BD1B42BB}.Release|Any CPU.ActiveCfg = Release|Any CPU
		{E458E548-ABC7-4B26-BBE2-C308BD1B42BB}.Release|Any CPU.Build.0 = Release|Any CPU
		{CBB816CA-AAC2-4F5A-9DFE-653BBC71D24E}.Debug|Any CPU.ActiveCfg = Debug|Any CPU
		{CBB816CA-AAC2-4F5A-9DFE-653BBC71D24E}.Debug|Any CPU.Build.0 = Debug|Any CPU
		{CBB816CA-AAC2-4F5A-9DFE-653BBC71D24E}.Release|Any CPU.ActiveCfg = Release|Any CPU
		{CBB816CA-AAC2-4F5A-9DFE-653BBC71D24E}.Release|Any CPU.Build.0 = Release|Any CPU
		{F8609158-E35B-49F7-9E25-11878569A89B}.Debug|Any CPU.ActiveCfg = Debug|Any CPU
		{F8609158-E35B-49F7-9E25-11878569A89B}.Debug|Any CPU.Build.0 = Debug|Any CPU
		{F8609158-E35B-49F7-9E25-11878569A89B}.Release|Any CPU.ActiveCfg = Release|Any CPU
		{F8609158-E35B-49F7-9E25-11878569A89B}.Release|Any CPU.Build.0 = Release|Any CPU
		{A7430FF8-3870-4CDC-8E02-E0ABA4F90077}.Debug|Any CPU.ActiveCfg = Debug|Any CPU
		{A7430FF8-3870-4CDC-8E02-E0ABA4F90077}.Debug|Any CPU.Build.0 = Debug|Any CPU
		{A7430FF8-3870-4CDC-8E02-E0ABA4F90077}.Release|Any CPU.ActiveCfg = Release|Any CPU
		{A7430FF8-3870-4CDC-8E02-E0ABA4F90077}.Release|Any CPU.Build.0 = Release|Any CPU
		{6263C853-1644-4240-A378-A95170FE00F1}.Debug|Any CPU.ActiveCfg = Debug|Any CPU
		{6263C853-1644-4240-A378-A95170FE00F1}.Debug|Any CPU.Build.0 = Debug|Any CPU
		{6263C853-1644-4240-A378-A95170FE00F1}.Release|Any CPU.ActiveCfg = Release|Any CPU
		{6263C853-1644-4240-A378-A95170FE00F1}.Release|Any CPU.Build.0 = Release|Any CPU
		{5F7DB145-9550-4E90-9C00-30297A0F0905}.Debug|Any CPU.ActiveCfg = Debug|Any CPU
		{5F7DB145-9550-4E90-9C00-30297A0F0905}.Debug|Any CPU.Build.0 = Debug|Any CPU
		{5F7DB145-9550-4E90-9C00-30297A0F0905}.Release|Any CPU.ActiveCfg = Release|Any CPU
		{5F7DB145-9550-4E90-9C00-30297A0F0905}.Release|Any CPU.Build.0 = Release|Any CPU
		{CF69B174-BFBE-4022-ABC0-EB7E1FDE5C0D}.Debug|Any CPU.ActiveCfg = Debug|Any CPU
		{CF69B174-BFBE-4022-ABC0-EB7E1FDE5C0D}.Debug|Any CPU.Build.0 = Debug|Any CPU
		{CF69B174-BFBE-4022-ABC0-EB7E1FDE5C0D}.Release|Any CPU.ActiveCfg = Release|Any CPU
		{CF69B174-BFBE-4022-ABC0-EB7E1FDE5C0D}.Release|Any CPU.Build.0 = Release|Any CPU
	EndGlobalSection
	GlobalSection(SolutionProperties) = preSolution
		HideSolutionNode = FALSE
	EndGlobalSection
	GlobalSection(ExtensibilityGlobals) = postSolution
		SolutionGuid = {46C74231-00D0-409D-AA14-B245F365F19E}
	EndGlobalSection
EndGlobal
